
Microsoft Visual Studio Solution File, Format Version 12.00
# Visual Studio 15
VisualStudioVersion = 15.0.26403.7
MinimumVisualStudioVersion = 10.0.40219.1
Project("{8BC9CEB8-8B4A-11D0-8D11-00A0C91BC942}") = "TianjiHorseRacing", "TianjiHorseRacing\TianjiHorseRacing.vcxproj", "{A9EEDF41-C48D-4210-98F3-0F2A1D5BF6BA}"
EndProject
Project("{8BC9CEB8-8B4A-11D0-8D11-00A0C91BC942}") = "RobotMotion", "RobotMotion\RobotMotion.vcxproj", "{B4E8EA2A-BE97-43FB-B7C6-8D94A2319DDD}"
EndProject
Project("{8BC9CEB8-8B4A-11D0-8D11-00A0C91BC942}") = "Acm_Basics", "Acm_Basics\Acm_Basics.vcxproj", "{19F00D80-65BB-4AD8-8199-E980B9D546A2}"
EndProject
Project("{8BC9CEB8-8B4A-11D0-8D11-00A0C91BC942}") = "problem1_1_2", "problem1_1_2\problem1_1_2.vcxproj", "{241F2D16-50F6-469A-BFDE-0BF6E8A97D4D}"
EndProject
Project("{8BC9CEB8-8B4A-11D0-8D11-00A0C91BC942}") = "Problem1_1_3", "Problem1_1_3\Problem1_1_3.vcxproj", "{2641D3AE-FA05-4320-BE8C-721818927FF5}"
EndProject
Project("{8BC9CEB8-8B4A-11D0-8D11-00A0C91BC942}") = "Problem1_1_4", "Problem1_1_4\Problem1_1_4.vcxproj", "{883D6218-CDBA-4397-ACA4-FE7F6DE982C9}"
EndProject
Project("{8BC9CEB8-8B4A-11D0-8D11-00A0C91BC942}") = "Problem1_1_5", "Problem1_1_5\Problem1_1_5.vcxproj", "{C9E8F580-07C7-4F03-A858-286470403BDD}"
EndProject
Project("{8BC9CEB8-8B4A-11D0-8D11-00A0C91BC942}") = "Problem1_1_6", "Problem1_1_6\Problem1_1_6.vcxproj", "{4CAAB5F4-A03C-4422-9BC4-3B429C5D4B00}"
EndProject
Project("{8BC9CEB8-8B4A-11D0-8D11-00A0C91BC942}") = "Problem1_1_7", "Problem1_1_7\Problem1_1_7.vcxproj", "{3CF72D2C-B976-4A39-8284-97313CA27929}"
EndProject
Global
	GlobalSection(SolutionConfigurationPlatforms) = preSolution
		Debug|x64 = Debug|x64
		Debug|x86 = Debug|x86
		Release|x64 = Release|x64
		Release|x86 = Release|x86
	EndGlobalSection
	GlobalSection(ProjectConfigurationPlatforms) = postSolution
		{A9EEDF41-C48D-4210-98F3-0F2A1D5BF6BA}.Debug|x64.ActiveCfg = Debug|x64
		{A9EEDF41-C48D-4210-98F3-0F2A1D5BF6BA}.Debug|x64.Build.0 = Debug|x64
		{A9EEDF41-C48D-4210-98F3-0F2A1D5BF6BA}.Debug|x86.ActiveCfg = Debug|Win32
		{A9EEDF41-C48D-4210-98F3-0F2A1D5BF6BA}.Debug|x86.Build.0 = Debug|Win32
		{A9EEDF41-C48D-4210-98F3-0F2A1D5BF6BA}.Release|x64.ActiveCfg = Release|x64
		{A9EEDF41-C48D-4210-98F3-0F2A1D5BF6BA}.Release|x64.Build.0 = Release|x64
		{A9EEDF41-C48D-4210-98F3-0F2A1D5BF6BA}.Release|x86.ActiveCfg = Release|Win32
		{A9EEDF41-C48D-4210-98F3-0F2A1D5BF6BA}.Release|x86.Build.0 = Release|Win32
		{B4E8EA2A-BE97-43FB-B7C6-8D94A2319DDD}.Debug|x64.ActiveCfg = Debug|x64
		{B4E8EA2A-BE97-43FB-B7C6-8D94A2319DDD}.Debug|x64.Build.0 = Debug|x64
		{B4E8EA2A-BE97-43FB-B7C6-8D94A2319DDD}.Debug|x86.ActiveCfg = Debug|Win32
		{B4E8EA2A-BE97-43FB-B7C6-8D94A2319DDD}.Debug|x86.Build.0 = Debug|Win32
		{B4E8EA2A-BE97-43FB-B7C6-8D94A2319DDD}.Release|x64.ActiveCfg = Release|x64
		{B4E8EA2A-BE97-43FB-B7C6-8D94A2319DDD}.Release|x64.Build.0 = Release|x64
		{B4E8EA2A-BE97-43FB-B7C6-8D94A2319DDD}.Release|x86.ActiveCfg = Release|Win32
		{B4E8EA2A-BE97-43FB-B7C6-8D94A2319DDD}.Release|x86.Build.0 = Release|Win32
		{19F00D80-65BB-4AD8-8199-E980B9D546A2}.Debug|x64.ActiveCfg = Debug|x64
		{19F00D80-65BB-4AD8-8199-E980B9D546A2}.Debug|x64.Build.0 = Debug|x64
		{19F00D80-65BB-4AD8-8199-E980B9D546A2}.Debug|x86.ActiveCfg = Debug|Win32
		{19F00D80-65BB-4AD8-8199-E980B9D546A2}.Debug|x86.Build.0 = Debug|Win32
		{19F00D80-65BB-4AD8-8199-E980B9D546A2}.Release|x64.ActiveCfg = Release|x64
		{19F00D80-65BB-4AD8-8199-E980B9D546A2}.Release|x64.Build.0 = Release|x64
		{19F00D80-65BB-4AD8-8199-E980B9D546A2}.Release|x86.ActiveCfg = Release|Win32
		{19F00D80-65BB-4AD8-8199-E980B9D546A2}.Release|x86.Build.0 = Release|Win32
		{241F2D16-50F6-469A-BFDE-0BF6E8A97D4D}.Debug|x64.ActiveCfg = Debug|x64
		{241F2D16-50F6-469A-BFDE-0BF6E8A97D4D}.Debug|x64.Build.0 = Debug|x64
		{241F2D16-50F6-469A-BFDE-0BF6E8A97D4D}.Debug|x86.ActiveCfg = Debug|Win32
		{241F2D16-50F6-469A-BFDE-0BF6E8A97D4D}.Debug|x86.Build.0 = Debug|Win32
		{241F2D16-50F6-469A-BFDE-0BF6E8A97D4D}.Release|x64.ActiveCfg = Release|x64
		{241F2D16-50F6-469A-BFDE-0BF6E8A97D4D}.Release|x64.Build.0 = Release|x64
		{241F2D16-50F6-469A-BFDE-0BF6E8A97D4D}.Release|x86.ActiveCfg = Release|Win32
		{241F2D16-50F6-469A-BFDE-0BF6E8A97D4D}.Release|x86.Build.0 = Release|Win32
		{2641D3AE-FA05-4320-BE8C-721818927FF5}.Debug|x64.ActiveCfg = Debug|x64
		{2641D3AE-FA05-4320-BE8C-721818927FF5}.Debug|x64.Build.0 = Debug|x64
		{2641D3AE-FA05-4320-BE8C-721818927FF5}.Debug|x86.ActiveCfg = Debug|Win32
		{2641D3AE-FA05-4320-BE8C-721818927FF5}.Debug|x86.Build.0 = Debug|Win32
		{2641D3AE-FA05-4320-BE8C-721818927FF5}.Release|x64.ActiveCfg = Release|x64
		{2641D3AE-FA05-4320-BE8C-721818927FF5}.Release|x64.Build.0 = Release|x64
		{2641D3AE-FA05-4320-BE8C-721818927FF5}.Release|x86.ActiveCfg = Release|Win32
		{2641D3AE-FA05-4320-BE8C-721818927FF5}.Release|x86.Build.0 = Release|Win32
		{883D6218-CDBA-4397-ACA4-FE7F6DE982C9}.Debug|x64.ActiveCfg = Debug|x64
		{883D6218-CDBA-4397-ACA4-FE7F6DE982C9}.Debug|x64.Build.0 = Debug|x64
		{883D6218-CDBA-4397-ACA4-FE7F6DE982C9}.Debug|x86.ActiveCfg = Debug|Win32
		{883D6218-CDBA-4397-ACA4-FE7F6DE982C9}.Debug|x86.Build.0 = Debug|Win32
		{883D6218-CDBA-4397-ACA4-FE7F6DE982C9}.Release|x64.ActiveCfg = Release|x64
		{883D6218-CDBA-4397-ACA4-FE7F6DE982C9}.Release|x64.Build.0 = Release|x64
		{883D6218-CDBA-4397-ACA4-FE7F6DE982C9}.Release|x86.ActiveCfg = Release|Win32
		{883D6218-CDBA-4397-ACA4-FE7F6DE982C9}.Release|x86.Build.0 = Release|Win32
		{C9E8F580-07C7-4F03-A858-286470403BDD}.Debug|x64.ActiveCfg = Debug|x64
		{C9E8F580-07C7-4F03-A858-286470403BDD}.Debug|x64.Build.0 = Debug|x64
		{C9E8F580-07C7-4F03-A858-286470403BDD}.Debug|x86.ActiveCfg = Debug|Win32
		{C9E8F580-07C7-4F03-A858-286470403BDD}.Debug|x86.Build.0 = Debug|Win32
		{C9E8F580-07C7-4F03-A858-286470403BDD}.Release|x64.ActiveCfg = Release|x64
		{C9E8F580-07C7-4F03-A858-286470403BDD}.Release|x64.Build.0 = Release|x64
		{C9E8F580-07C7-4F03-A858-286470403BDD}.Release|x86.ActiveCfg = Release|Win32
		{C9E8F580-07C7-4F03-A858-286470403BDD}.Release|x86.Build.0 = Release|Win32
		{4CAAB5F4-A03C-4422-9BC4-3B429C5D4B00}.Debug|x64.ActiveCfg = Debug|x64
		{4CAAB5F4-A03C-4422-9BC4-3B429C5D4B00}.Debug|x64.Build.0 = Debug|x64
		{4CAAB5F4-A03C-4422-9BC4-3B429C5D4B00}.Debug|x86.ActiveCfg = Debug|Win32
		{4CAAB5F4-A03C-4422-9BC4-3B429C5D4B00}.Debug|x86.Build.0 = Debug|Win32
		{4CAAB5F4-A03C-4422-9BC4-3B429C5D4B00}.Release|x64.ActiveCfg = Release|x64
		{4CAAB5F4-A03C-4422-9BC4-3B429C5D4B00}.Release|x64.Build.0 = Release|x64
		{4CAAB5F4-A03C-4422-9BC4-3B429C5D4B00}.Release|x86.ActiveCfg = Release|Win32
		{4CAAB5F4-A03C-4422-9BC4-3B429C5D4B00}.Release|x86.Build.0 = Release|Win32
		{3CF72D2C-B976-4A39-8284-97313CA27929}.Debug|x64.ActiveCfg = Debug|x64
		{3CF72D2C-B976-4A39-8284-97313CA27929}.Debug|x64.Build.0 = Debug|x64
		{3CF72D2C-B976-4A39-8284-97313CA27929}.Debug|x86.ActiveCfg = Debug|Win32
		{3CF72D2C-B976-4A39-8284-97313CA27929}.Debug|x86.Build.0 = Debug|Win32
		{3CF72D2C-B976-4A39-8284-97313CA27929}.Release|x64.ActiveCfg = Release|x64
		{3CF72D2C-B976-4A39-8284-97313CA27929}.Release|x64.Build.0 = Release|x64
		{3CF72D2C-B976-4A39-8284-97313CA27929}.Release|x86.ActiveCfg = Release|Win32
		{3CF72D2C-B976-4A39-8284-97313CA27929}.Release|x86.Build.0 = Release|Win32
	EndGlobalSection
	GlobalSection(SolutionProperties) = preSolution
		HideSolutionNode = FALSE
	EndGlobalSection
EndGlobal
